
Microsoft Visual Studio Solution File, Format Version 12.00
# Visual Studio Version 17
VisualStudioVersion = 17.13.35806.99 d17.13
MinimumVisualStudioVersion = 10.0.40219.1
Project("{FAE04EC0-301F-11D3-BF4B-00C04F79EFBC}") = "Cryopreserved_Manager", "Cryopreserved_Manager\Cryopreserved_Manager.csproj", "{CF362D2B-D9F2-4C0A-B6F5-17AF9EA32386}"
EndProject
Global
	GlobalSection(SolutionConfigurationPlatforms) = preSolution
		Debug|Any CPU = Debug|Any CPU
		Release|Any CPU = Release|Any CPU
	EndGlobalSection
	GlobalSection(ProjectConfigurationPlatforms) = postSolution
		{CF362D2B-D9F2-4C0A-B6F5-17AF9EA32386}.Debug|Any CPU.ActiveCfg = Debug|Any CPU
		{CF362D2B-D9F2-4C0A-B6F5-17AF9EA32386}.Debug|Any CPU.Build.0 = Debug|Any CPU
		{CF362D2B-D9F2-4C0A-B6F5-17AF9EA32386}.Release|Any CPU.ActiveCfg = Release|Any CPU
		{CF362D2B-D9F2-4C0A-B6F5-17AF9EA32386}.Release|Any CPU.Build.0 = Release|Any CPU
	EndGlobalSection
	GlobalSection(SolutionProperties) = preSolution
		HideSolutionNode = FALSE
	EndGlobalSection
	GlobalSection(ExtensibilityGlobals) = postSolution
		SolutionGuid = {086A0612-2AE7-4E4D-83A5-F9E5784E6E6E}
	EndGlobalSection
EndGlobal
